
Microsoft Visual Studio Solution File, Format Version 12.00
# Visual Studio Version 17
VisualStudioVersion = 17.4.33103.184
MinimumVisualStudioVersion = 10.0.40219.1
Project("{9A19103F-16F7-4668-BE54-9A1E7A4F7556}") = "HCM.WebAPI", "HCM.WebAPI\HCM.WebAPI.csproj", "{C2344E02-157D-41E9-9064-91D3F423A6D6}"
EndProject
Project("{9A19103F-16F7-4668-BE54-9A1E7A4F7556}") = "HCM.Services", "HCM.Services\HCM.Services.csproj", "{40F597BF-BF06-4FBB-BE8E-36E52DD1599B}"
EndProject
Project("{9A19103F-16F7-4668-BE54-9A1E7A4F7556}") = "HCM.DBCore", "HCM.DBCore\HCM.DBCore.csproj", "{4DBDDD70-6F1C-40D9-AC4C-8B29E16E5E90}"
EndProject
Project("{9A19103F-16F7-4668-BE54-9A1E7A4F7556}") = "HCM.Models", "HCM.Models\HCM.Models.csproj", "{549743A0-2F92-486A-A832-40D400FAB286}"
EndProject
Project("{9A19103F-16F7-4668-BE54-9A1E7A4F7556}") = "HCM.Utilities", "HCM.Utilities\HCM.Utilities.csproj", "{171D2365-9BD1-4A58-9F92-C966F5BA669A}"
EndProject
Global
	GlobalSection(SolutionConfigurationPlatforms) = preSolution
		Debug|Any CPU = Debug|Any CPU
		Release|Any CPU = Release|Any CPU
	EndGlobalSection
	GlobalSection(ProjectConfigurationPlatforms) = postSolution
		{C2344E02-157D-41E9-9064-91D3F423A6D6}.Debug|Any CPU.ActiveCfg = Debug|Any CPU
		{C2344E02-157D-41E9-9064-91D3F423A6D6}.Debug|Any CPU.Build.0 = Debug|Any CPU
		{C2344E02-157D-41E9-9064-91D3F423A6D6}.Release|Any CPU.ActiveCfg = Release|Any CPU
		{C2344E02-157D-41E9-9064-91D3F423A6D6}.Release|Any CPU.Build.0 = Release|Any CPU
		{40F597BF-BF06-4FBB-BE8E-36E52DD1599B}.Debug|Any CPU.ActiveCfg = Debug|Any CPU
		{40F597BF-BF06-4FBB-BE8E-36E52DD1599B}.Debug|Any CPU.Build.0 = Debug|Any CPU
		{40F597BF-BF06-4FBB-BE8E-36E52DD1599B}.Release|Any CPU.ActiveCfg = Release|Any CPU
		{40F597BF-BF06-4FBB-BE8E-36E52DD1599B}.Release|Any CPU.Build.0 = Release|Any CPU
		{4DBDDD70-6F1C-40D9-AC4C-8B29E16E5E90}.Debug|Any CPU.ActiveCfg = Debug|Any CPU
		{4DBDDD70-6F1C-40D9-AC4C-8B29E16E5E90}.Debug|Any CPU.Build.0 = Debug|Any CPU
		{4DBDDD70-6F1C-40D9-AC4C-8B29E16E5E90}.Release|Any CPU.ActiveCfg = Release|Any CPU
		{4DBDDD70-6F1C-40D9-AC4C-8B29E16E5E90}.Release|Any CPU.Build.0 = Release|Any CPU
		{549743A0-2F92-486A-A832-40D400FAB286}.Debug|Any CPU.ActiveCfg = Debug|Any CPU
		{549743A0-2F92-486A-A832-40D400FAB286}.Debug|Any CPU.Build.0 = Debug|Any CPU
		{549743A0-2F92-486A-A832-40D400FAB286}.Release|Any CPU.ActiveCfg = Release|Any CPU
		{549743A0-2F92-486A-A832-40D400FAB286}.Release|Any CPU.Build.0 = Release|Any CPU
		{171D2365-9BD1-4A58-9F92-C966F5BA669A}.Debug|Any CPU.ActiveCfg = Debug|Any CPU
		{171D2365-9BD1-4A58-9F92-C966F5BA669A}.Debug|Any CPU.Build.0 = Debug|Any CPU
		{171D2365-9BD1-4A58-9F92-C966F5BA669A}.Release|Any CPU.ActiveCfg = Release|Any CPU
		{171D2365-9BD1-4A58-9F92-C966F5BA669A}.Release|Any CPU.Build.0 = Release|Any CPU
	EndGlobalSection
	GlobalSection(SolutionProperties) = preSolution
		HideSolutionNode = FALSE
	EndGlobalSection
	GlobalSection(ExtensibilityGlobals) = postSolution
		SolutionGuid = {044CC5A0-5A88-4AAD-A283-A75BA4F6752A}
	EndGlobalSection
EndGlobal
